
Microsoft Visual Studio Solution File, Format Version 12.00
# Visual Studio 15
VisualStudioVersion = 15.0.27004.2009
MinimumVisualStudioVersion = 10.0.40219.1
Project("{FAE04EC0-301F-11D3-BF4B-00C04F79EFBC}") = "InventorySuppl", "InventorySuppl\InventorySuppl.csproj", "{0EA40F87-C060-4DDB-B82B-D75878D5BF73}"
EndProject
Global
	GlobalSection(SolutionConfigurationPlatforms) = preSolution
		Debug|Any CPU = Debug|Any CPU
		Release|Any CPU = Release|Any CPU
	EndGlobalSection
	GlobalSection(ProjectConfigurationPlatforms) = postSolution
		{0EA40F87-C060-4DDB-B82B-D75878D5BF73}.Debug|Any CPU.ActiveCfg = Debug|Any CPU
		{0EA40F87-C060-4DDB-B82B-D75878D5BF73}.Debug|Any CPU.Build.0 = Debug|Any CPU
		{0EA40F87-C060-4DDB-B82B-D75878D5BF73}.Release|Any CPU.ActiveCfg = Release|Any CPU
		{0EA40F87-C060-4DDB-B82B-D75878D5BF73}.Release|Any CPU.Build.0 = Release|Any CPU
	EndGlobalSection
	GlobalSection(SolutionProperties) = preSolution
		HideSolutionNode = FALSE
	EndGlobalSection
	GlobalSection(ExtensibilityGlobals) = postSolution
		SolutionGuid = {45A55B4A-C47C-4358-BB2D-3BB355C5CF67}
	EndGlobalSection
EndGlobal
